
Microsoft Visual Studio Solution File, Format Version 12.00
# Visual Studio Version 17
VisualStudioVersion = 17.7.34031.279
MinimumVisualStudioVersion = 10.0.40219.1
Project("{FAE04EC0-301F-11D3-BF4B-00C04F79EFBC}") = "Statistics HW 1 Javascript", "Statistics HW 1 Javascript\Statistics HW 1 Javascript.csproj", "{44ADC123-ACBA-4886-86BD-98E0B884978B}"
EndProject
Global
	GlobalSection(SolutionConfigurationPlatforms) = preSolution
		Debug|Any CPU = Debug|Any CPU
		Release|Any CPU = Release|Any CPU
	EndGlobalSection
	GlobalSection(ProjectConfigurationPlatforms) = postSolution
		{44ADC123-ACBA-4886-86BD-98E0B884978B}.Debug|Any CPU.ActiveCfg = Debug|Any CPU
		{44ADC123-ACBA-4886-86BD-98E0B884978B}.Debug|Any CPU.Build.0 = Debug|Any CPU
		{44ADC123-ACBA-4886-86BD-98E0B884978B}.Release|Any CPU.ActiveCfg = Release|Any CPU
		{44ADC123-ACBA-4886-86BD-98E0B884978B}.Release|Any CPU.Build.0 = Release|Any CPU
	EndGlobalSection
	GlobalSection(SolutionProperties) = preSolution
		HideSolutionNode = FALSE
	EndGlobalSection
	GlobalSection(ExtensibilityGlobals) = postSolution
		SolutionGuid = {93BED808-A7D9-4AAA-8B33-AF85A53EBC49}
	EndGlobalSection
EndGlobal
