
Microsoft Visual Studio Solution File, Format Version 12.00
# Visual Studio Version 17
VisualStudioVersion = 17.7.34031.279
MinimumVisualStudioVersion = 10.0.40219.1
Project("{FAE04EC0-301F-11D3-BF4B-00C04F79EFBC}") = "HW 2.3 C#", "HW 2.3 C#\HW 2.3 C#.csproj", "{5350EED3-067F-4D0B-B6C3-364F40150E36}"
EndProject
Global
	GlobalSection(SolutionConfigurationPlatforms) = preSolution
		Debug|Any CPU = Debug|Any CPU
		Release|Any CPU = Release|Any CPU
	EndGlobalSection
	GlobalSection(ProjectConfigurationPlatforms) = postSolution
		{5350EED3-067F-4D0B-B6C3-364F40150E36}.Debug|Any CPU.ActiveCfg = Debug|Any CPU
		{5350EED3-067F-4D0B-B6C3-364F40150E36}.Debug|Any CPU.Build.0 = Debug|Any CPU
		{5350EED3-067F-4D0B-B6C3-364F40150E36}.Release|Any CPU.ActiveCfg = Release|Any CPU
		{5350EED3-067F-4D0B-B6C3-364F40150E36}.Release|Any CPU.Build.0 = Release|Any CPU
	EndGlobalSection
	GlobalSection(SolutionProperties) = preSolution
		HideSolutionNode = FALSE
	EndGlobalSection
	GlobalSection(ExtensibilityGlobals) = postSolution
		SolutionGuid = {48A459B7-0D7C-4E6D-B7AD-D6C791F356E1}
	EndGlobalSection
EndGlobal
